
Microsoft Visual Studio Solution File, Format Version 12.00
# Visual Studio Version 17
VisualStudioVersion = 17.0.31903.59
MinimumVisualStudioVersion = 10.0.40219.1
Project("{FAE04EC0-301F-11D3-BF4B-00C04F79EFBC}") = "NitroTextFieldParser", "NitroTextFieldParser\NitroTextFieldParser.csproj", "{28CB00B9-3903-4F86-89D8-850A3DF8491D}"
EndProject
Project("{FAE04EC0-301F-11D3-BF4B-00C04F79EFBC}") = "NitroTextFieldParserTests", "NitroTextFieldParserTests\NitroTextFieldParserTests.csproj", "{99933A07-B23E-4024-A578-0BB49CF8E659}"
EndProject
Project("{FAE04EC0-301F-11D3-BF4B-00C04F79EFBC}") = "NitroTextFieldParserBenchmarks", "NitroTextFieldParserBenchmarks\NitroTextFieldParserBenchmarks.csproj", "{20EF2B0C-E784-4DD0-9E65-7A1CB28F05D0}"
EndProject
Global
	GlobalSection(SolutionConfigurationPlatforms) = preSolution
		Debug|Any CPU = Debug|Any CPU
		Release|Any CPU = Release|Any CPU
	EndGlobalSection
	GlobalSection(ProjectConfigurationPlatforms) = postSolution
		{28CB00B9-3903-4F86-89D8-850A3DF8491D}.Debug|Any CPU.ActiveCfg = Debug|Any CPU
		{28CB00B9-3903-4F86-89D8-850A3DF8491D}.Debug|Any CPU.Build.0 = Debug|Any CPU
		{28CB00B9-3903-4F86-89D8-850A3DF8491D}.Release|Any CPU.ActiveCfg = Release|Any CPU
		{28CB00B9-3903-4F86-89D8-850A3DF8491D}.Release|Any CPU.Build.0 = Release|Any CPU
		{99933A07-B23E-4024-A578-0BB49CF8E659}.Debug|Any CPU.ActiveCfg = Debug|Any CPU
		{99933A07-B23E-4024-A578-0BB49CF8E659}.Debug|Any CPU.Build.0 = Debug|Any CPU
		{99933A07-B23E-4024-A578-0BB49CF8E659}.Release|Any CPU.ActiveCfg = Release|Any CPU
		{99933A07-B23E-4024-A578-0BB49CF8E659}.Release|Any CPU.Build.0 = Release|Any CPU
		{20EF2B0C-E784-4DD0-9E65-7A1CB28F05D0}.Debug|Any CPU.ActiveCfg = Debug|Any CPU
		{20EF2B0C-E784-4DD0-9E65-7A1CB28F05D0}.Debug|Any CPU.Build.0 = Debug|Any CPU
		{20EF2B0C-E784-4DD0-9E65-7A1CB28F05D0}.Release|Any CPU.ActiveCfg = Release|Any CPU
		{20EF2B0C-E784-4DD0-9E65-7A1CB28F05D0}.Release|Any CPU.Build.0 = Release|Any CPU
	EndGlobalSection
	GlobalSection(SolutionProperties) = preSolution
		HideSolutionNode = FALSE
	EndGlobalSection
EndGlobal
